
Microsoft Visual Studio Solution File, Format Version 12.00
# Visual Studio 15
VisualStudioVersion = 15.0.27004.2009
MinimumVisualStudioVersion = 10.0.40219.1
Project("{FAE04EC0-301F-11D3-BF4B-00C04F79EFBC}") = "PushRunner", "pushRunner\PushRunner.csproj", "{9B056500-E45E-419E-A595-647497EA5B8A}"
	ProjectSection(ProjectDependencies) = postProject
		{A2C2CFF9-A996-4804-8A10-E295E347F68D} = {A2C2CFF9-A996-4804-8A10-E295E347F68D}
	EndProjectSection
EndProject
Project("{FAE04EC0-301F-11D3-BF4B-00C04F79EFBC}") = "PushTest", "PushTest\PushTest.csproj", "{2F97EBB3-58CF-40A5-A3A2-5BD4A716FAB5}"
	ProjectSection(ProjectDependencies) = postProject
		{A2C2CFF9-A996-4804-8A10-E295E347F68D} = {A2C2CFF9-A996-4804-8A10-E295E347F68D}
	EndProjectSection
EndProject
Project("{FAE04EC0-301F-11D3-BF4B-00C04F79EFBC}") = "Push", "Push\Push.csproj", "{A2C2CFF9-A996-4804-8A10-E295E347F68D}"
EndProject
Global
	GlobalSection(SolutionConfigurationPlatforms) = preSolution
		Debug|Any CPU = Debug|Any CPU
		Release|Any CPU = Release|Any CPU
	EndGlobalSection
	GlobalSection(ProjectConfigurationPlatforms) = postSolution
		{9B056500-E45E-419E-A595-647497EA5B8A}.Debug|Any CPU.ActiveCfg = Debug|Any CPU
		{9B056500-E45E-419E-A595-647497EA5B8A}.Debug|Any CPU.Build.0 = Debug|Any CPU
		{9B056500-E45E-419E-A595-647497EA5B8A}.Release|Any CPU.ActiveCfg = Release|Any CPU
		{9B056500-E45E-419E-A595-647497EA5B8A}.Release|Any CPU.Build.0 = Release|Any CPU
		{2F97EBB3-58CF-40A5-A3A2-5BD4A716FAB5}.Debug|Any CPU.ActiveCfg = Debug|Any CPU
		{2F97EBB3-58CF-40A5-A3A2-5BD4A716FAB5}.Debug|Any CPU.Build.0 = Debug|Any CPU
		{2F97EBB3-58CF-40A5-A3A2-5BD4A716FAB5}.Release|Any CPU.ActiveCfg = Release|Any CPU
		{2F97EBB3-58CF-40A5-A3A2-5BD4A716FAB5}.Release|Any CPU.Build.0 = Release|Any CPU
		{A2C2CFF9-A996-4804-8A10-E295E347F68D}.Debug|Any CPU.ActiveCfg = Debug|Any CPU
		{A2C2CFF9-A996-4804-8A10-E295E347F68D}.Debug|Any CPU.Build.0 = Debug|Any CPU
		{A2C2CFF9-A996-4804-8A10-E295E347F68D}.Release|Any CPU.ActiveCfg = Release|Any CPU
		{A2C2CFF9-A996-4804-8A10-E295E347F68D}.Release|Any CPU.Build.0 = Release|Any CPU
	EndGlobalSection
	GlobalSection(SolutionProperties) = preSolution
		HideSolutionNode = FALSE
	EndGlobalSection
	GlobalSection(ExtensibilityGlobals) = postSolution
		SolutionGuid = {64115423-CF91-4C15-BEF3-76E13CB1B021}
	EndGlobalSection
EndGlobal
