
Microsoft Visual Studio Solution File, Format Version 12.00
# Visual Studio 15
VisualStudioVersion = 15.0.27004.2009
MinimumVisualStudioVersion = 10.0.40219.1
Project("{FAE04EC0-301F-11D3-BF4B-00C04F79EFBC}") = "pushRunner", "pushRunner\pushRunner.csproj", "{9B056500-E45E-419E-A595-647497EA5B8A}"
	ProjectSection(ProjectDependencies) = postProject
		{8023C5ED-FD62-42C7-9395-AD8C8F55577F} = {8023C5ED-FD62-42C7-9395-AD8C8F55577F}
	EndProjectSection
EndProject
Project("{9A19103F-16F7-4668-BE54-9A1E7A4F7556}") = "Pusherboy", "pusherBoy\Pusherboy.csproj", "{8023C5ED-FD62-42C7-9395-AD8C8F55577F}"
EndProject
Project("{FAE04EC0-301F-11D3-BF4B-00C04F79EFBC}") = "PushTest", "PushTest\PushTest.csproj", "{2F97EBB3-58CF-40A5-A3A2-5BD4A716FAB5}"
	ProjectSection(ProjectDependencies) = postProject
		{8023C5ED-FD62-42C7-9395-AD8C8F55577F} = {8023C5ED-FD62-42C7-9395-AD8C8F55577F}
	EndProjectSection
EndProject
Global
	GlobalSection(SolutionConfigurationPlatforms) = preSolution
		Debug|Any CPU = Debug|Any CPU
		Release|Any CPU = Release|Any CPU
	EndGlobalSection
	GlobalSection(ProjectConfigurationPlatforms) = postSolution
		{9B056500-E45E-419E-A595-647497EA5B8A}.Debug|Any CPU.ActiveCfg = Debug|Any CPU
		{9B056500-E45E-419E-A595-647497EA5B8A}.Debug|Any CPU.Build.0 = Debug|Any CPU
		{9B056500-E45E-419E-A595-647497EA5B8A}.Release|Any CPU.ActiveCfg = Release|Any CPU
		{9B056500-E45E-419E-A595-647497EA5B8A}.Release|Any CPU.Build.0 = Release|Any CPU
		{8023C5ED-FD62-42C7-9395-AD8C8F55577F}.Debug|Any CPU.ActiveCfg = Debug|Any CPU
		{8023C5ED-FD62-42C7-9395-AD8C8F55577F}.Debug|Any CPU.Build.0 = Debug|Any CPU
		{8023C5ED-FD62-42C7-9395-AD8C8F55577F}.Release|Any CPU.ActiveCfg = Release|Any CPU
		{8023C5ED-FD62-42C7-9395-AD8C8F55577F}.Release|Any CPU.Build.0 = Release|Any CPU
		{2F97EBB3-58CF-40A5-A3A2-5BD4A716FAB5}.Debug|Any CPU.ActiveCfg = Debug|Any CPU
		{2F97EBB3-58CF-40A5-A3A2-5BD4A716FAB5}.Debug|Any CPU.Build.0 = Debug|Any CPU
		{2F97EBB3-58CF-40A5-A3A2-5BD4A716FAB5}.Release|Any CPU.ActiveCfg = Release|Any CPU
		{2F97EBB3-58CF-40A5-A3A2-5BD4A716FAB5}.Release|Any CPU.Build.0 = Release|Any CPU
	EndGlobalSection
	GlobalSection(SolutionProperties) = preSolution
		HideSolutionNode = FALSE
	EndGlobalSection
	GlobalSection(ExtensibilityGlobals) = postSolution
		SolutionGuid = {64115423-CF91-4C15-BEF3-76E13CB1B021}
	EndGlobalSection
EndGlobal
